
Microsoft Visual Studio Solution File, Format Version 12.00
# Visual Studio Version 16
VisualStudioVersion = 16.0.810.7
MinimumVisualStudioVersion = 10.0.40219.1
Project("{FAE04EC0-301F-11D3-BF4B-00C04F79EFBC}") = "Arrayl", "Arrayl\Arrayl.csproj", "{A923EC60-4DD7-4EC2-8780-D3435468BDB0}"
EndProject
Global
	GlobalSection(SolutionConfigurationPlatforms) = preSolution
		Debug|Any CPU = Debug|Any CPU
		Release|Any CPU = Release|Any CPU
	EndGlobalSection
	GlobalSection(ProjectConfigurationPlatforms) = postSolution
		{A923EC60-4DD7-4EC2-8780-D3435468BDB0}.Debug|Any CPU.ActiveCfg = Debug|Any CPU
		{A923EC60-4DD7-4EC2-8780-D3435468BDB0}.Debug|Any CPU.Build.0 = Debug|Any CPU
		{A923EC60-4DD7-4EC2-8780-D3435468BDB0}.Release|Any CPU.ActiveCfg = Release|Any CPU
		{A923EC60-4DD7-4EC2-8780-D3435468BDB0}.Release|Any CPU.Build.0 = Release|Any CPU
	EndGlobalSection
	GlobalSection(SolutionProperties) = preSolution
		HideSolutionNode = FALSE
	EndGlobalSection
	GlobalSection(ExtensibilityGlobals) = postSolution
		SolutionGuid = {7AA3A86A-5CAD-4836-A334-2CF4A2DB3163}
	EndGlobalSection
EndGlobal
